
Microsoft Visual Studio Solution File, Format Version 12.00
# Visual Studio 15
VisualStudioVersion = 15.0.26730.12
MinimumVisualStudioVersion = 10.0.40219.1
Project("{FAE04EC0-301F-11D3-BF4B-00C04F79EFBC}") = "ProjectCollector.Core", "ProjectCollector\ProjectCollector\ProjectCollector.Core.csproj", "{7B16D1E7-E8E5-43F7-B9BC-2637EC8C641F}"
EndProject
Project("{FAE04EC0-301F-11D3-BF4B-00C04F79EFBC}") = "ProjectCollector.Android", "ProjectCollector\ProjectCollector.Android\ProjectCollector.Android.csproj", "{35F800B8-134E-4AA4-9981-435576F44048}"
EndProject
Project("{FAE04EC0-301F-11D3-BF4B-00C04F79EFBC}") = "ProjectCollector.iOS", "ProjectCollector\ProjectCollector.iOS\ProjectCollector.iOS.csproj", "{15DF4293-1276-4E92-A881-314FFCE958B0}"
EndProject
Project("{FAE04EC0-301F-11D3-BF4B-00C04F79EFBC}") = "ProjectCollector.UWP", "ProjectCollector\ProjectCollector.UWP\ProjectCollector.UWP.csproj", "{1236E8D1-4112-4769-91AC-2E0CE3EB3CFF}"
EndProject
Project("{2150E333-8FDC-42A3-9474-1A3956D46DE8}") = "Source", "Source", "{53D13094-9F3C-47AA-A3AD-D758A6CE30EA}"
EndProject
Project("{2150E333-8FDC-42A3-9474-1A3956D46DE8}") = "Tests", "Tests", "{4C18A99C-99F6-48D3-9CB1-50F866B243C3}"
EndProject
Project("{FAE04EC0-301F-11D3-BF4B-00C04F79EFBC}") = "ProjectCollector.UI.Tests", "ProjectCollector.UI.Tests\ProjectCollector.UI.Tests.csproj", "{8D8893FC-BA19-4E63-9686-0CA53E8844B2}"
EndProject
Project("{FAE04EC0-301F-11D3-BF4B-00C04F79EFBC}") = "ProjectCollector.UWP.Tests", "ProjectCollector.UWP.Tests\ProjectCollector.UWP.Tests.csproj", "{F5C6B817-A451-4DF5-BEF9-411485E34761}"
EndProject
Project("{FAE04EC0-301F-11D3-BF4B-00C04F79EFBC}") = "ProjectCollector.Android.Tests", "ProjectCollector.Android.Tests\ProjectCollector.Android.Tests.csproj", "{46231597-37CF-4BB1-8ED3-ECB3225120BD}"
EndProject
Project("{FAE04EC0-301F-11D3-BF4B-00C04F79EFBC}") = "ProjectCollector.iOS.Tests", "ProjectCollector.iOS.Tests\ProjectCollector.iOS.Tests.csproj", "{035155A6-EE6C-4E9B-8EE3-9D5B3756C419}"
EndProject
Project("{FAE04EC0-301F-11D3-BF4B-00C04F79EFBC}") = "ProjectCollector.Core.Tests", "ProjectCollector.Core.Tests\ProjectCollector.Core.Tests.csproj", "{DB0E1328-E598-41A7-A518-AF0430DD8D72}"
EndProject
Global
	GlobalSection(SolutionConfigurationPlatforms) = preSolution
		Ad-Hoc|Any CPU = Ad-Hoc|Any CPU
		Ad-Hoc|ARM = Ad-Hoc|ARM
		Ad-Hoc|iPhone = Ad-Hoc|iPhone
		Ad-Hoc|iPhoneSimulator = Ad-Hoc|iPhoneSimulator
		Ad-Hoc|x64 = Ad-Hoc|x64
		Ad-Hoc|x86 = Ad-Hoc|x86
		AppStore|Any CPU = AppStore|Any CPU
		AppStore|ARM = AppStore|ARM
		AppStore|iPhone = AppStore|iPhone
		AppStore|iPhoneSimulator = AppStore|iPhoneSimulator
		AppStore|x64 = AppStore|x64
		AppStore|x86 = AppStore|x86
		Debug|Any CPU = Debug|Any CPU
		Debug|ARM = Debug|ARM
		Debug|iPhone = Debug|iPhone
		Debug|iPhoneSimulator = Debug|iPhoneSimulator
		Debug|x64 = Debug|x64
		Debug|x86 = Debug|x86
		Release|Any CPU = Release|Any CPU
		Release|ARM = Release|ARM
		Release|iPhone = Release|iPhone
		Release|iPhoneSimulator = Release|iPhoneSimulator
		Release|x64 = Release|x64
		Release|x86 = Release|x86
	EndGlobalSection
	GlobalSection(ProjectConfigurationPlatforms) = postSolution
		{7B16D1E7-E8E5-43F7-B9BC-2637EC8C641F}.Ad-Hoc|Any CPU.ActiveCfg = Release|Any CPU
		{7B16D1E7-E8E5-43F7-B9BC-2637EC8C641F}.Ad-Hoc|Any CPU.Build.0 = Release|Any CPU
		{7B16D1E7-E8E5-43F7-B9BC-2637EC8C641F}.Ad-Hoc|ARM.ActiveCfg = Release|Any CPU
		{7B16D1E7-E8E5-43F7-B9BC-2637EC8C641F}.Ad-Hoc|ARM.Build.0 = Release|Any CPU
		{7B16D1E7-E8E5-43F7-B9BC-2637EC8C641F}.Ad-Hoc|iPhone.ActiveCfg = Release|Any CPU
		{7B16D1E7-E8E5-43F7-B9BC-2637EC8C641F}.Ad-Hoc|iPhone.Build.0 = Release|Any CPU
		{7B16D1E7-E8E5-43F7-B9BC-2637EC8C641F}.Ad-Hoc|iPhoneSimulator.ActiveCfg = Release|Any CPU
		{7B16D1E7-E8E5-43F7-B9BC-2637EC8C641F}.Ad-Hoc|iPhoneSimulator.Build.0 = Release|Any CPU
		{7B16D1E7-E8E5-43F7-B9BC-2637EC8C641F}.Ad-Hoc|x64.ActiveCfg = Release|Any CPU
		{7B16D1E7-E8E5-43F7-B9BC-2637EC8C641F}.Ad-Hoc|x64.Build.0 = Release|Any CPU
		{7B16D1E7-E8E5-43F7-B9BC-2637EC8C641F}.Ad-Hoc|x86.ActiveCfg = Release|Any CPU
		{7B16D1E7-E8E5-43F7-B9BC-2637EC8C641F}.Ad-Hoc|x86.Build.0 = Release|Any CPU
		{7B16D1E7-E8E5-43F7-B9BC-2637EC8C641F}.AppStore|Any CPU.ActiveCfg = Release|Any CPU
		{7B16D1E7-E8E5-43F7-B9BC-2637EC8C641F}.AppStore|Any CPU.Build.0 = Release|Any CPU
		{7B16D1E7-E8E5-43F7-B9BC-2637EC8C641F}.AppStore|ARM.ActiveCfg = Release|Any CPU
		{7B16D1E7-E8E5-43F7-B9BC-2637EC8C641F}.AppStore|ARM.Build.0 = Release|Any CPU
		{7B16D1E7-E8E5-43F7-B9BC-2637EC8C641F}.AppStore|iPhone.ActiveCfg = Release|Any CPU
		{7B16D1E7-E8E5-43F7-B9BC-2637EC8C641F}.AppStore|iPhone.Build.0 = Release|Any CPU
		{7B16D1E7-E8E5-43F7-B9BC-2637EC8C641F}.AppStore|iPhoneSimulator.ActiveCfg = Release|Any CPU
		{7B16D1E7-E8E5-43F7-B9BC-2637EC8C641F}.AppStore|iPhoneSimulator.Build.0 = Release|Any CPU
		{7B16D1E7-E8E5-43F7-B9BC-2637EC8C641F}.AppStore|x64.ActiveCfg = Release|Any CPU
		{7B16D1E7-E8E5-43F7-B9BC-2637EC8C641F}.AppStore|x64.Build.0 = Release|Any CPU
		{7B16D1E7-E8E5-43F7-B9BC-2637EC8C641F}.AppStore|x86.ActiveCfg = Release|Any CPU
		{7B16D1E7-E8E5-43F7-B9BC-2637EC8C641F}.AppStore|x86.Build.0 = Release|Any CPU
		{7B16D1E7-E8E5-43F7-B9BC-2637EC8C641F}.Debug|Any CPU.ActiveCfg = Debug|Any CPU
		{7B16D1E7-E8E5-43F7-B9BC-2637EC8C641F}.Debug|Any CPU.Build.0 = Debug|Any CPU
		{7B16D1E7-E8E5-43F7-B9BC-2637EC8C641F}.Debug|ARM.ActiveCfg = Debug|Any CPU
		{7B16D1E7-E8E5-43F7-B9BC-2637EC8C641F}.Debug|ARM.Build.0 = Debug|Any CPU
		{7B16D1E7-E8E5-43F7-B9BC-2637EC8C641F}.Debug|iPhone.ActiveCfg = Debug|Any CPU
		{7B16D1E7-E8E5-43F7-B9BC-2637EC8C641F}.Debug|iPhone.Build.0 = Debug|Any CPU
		{7B16D1E7-E8E5-43F7-B9BC-2637EC8C641F}.Debug|iPhoneSimulator.ActiveCfg = Debug|Any CPU
		{7B16D1E7-E8E5-43F7-B9BC-2637EC8C641F}.Debug|iPhoneSimulator.Build.0 = Debug|Any CPU
		{7B16D1E7-E8E5-43F7-B9BC-2637EC8C641F}.Debug|x64.ActiveCfg = Debug|Any CPU
		{7B16D1E7-E8E5-43F7-B9BC-2637EC8C641F}.Debug|x64.Build.0 = Debug|Any CPU
		{7B16D1E7-E8E5-43F7-B9BC-2637EC8C641F}.Debug|x86.ActiveCfg = Debug|Any CPU
		{7B16D1E7-E8E5-43F7-B9BC-2637EC8C641F}.Debug|x86.Build.0 = Debug|Any CPU
		{7B16D1E7-E8E5-43F7-B9BC-2637EC8C641F}.Release|Any CPU.ActiveCfg = Release|Any CPU
		{7B16D1E7-E8E5-43F7-B9BC-2637EC8C641F}.Release|Any CPU.Build.0 = Release|Any CPU
		{7B16D1E7-E8E5-43F7-B9BC-2637EC8C641F}.Release|ARM.ActiveCfg = Release|Any CPU
		{7B16D1E7-E8E5-43F7-B9BC-2637EC8C641F}.Release|ARM.Build.0 = Release|Any CPU
		{7B16D1E7-E8E5-43F7-B9BC-2637EC8C641F}.Release|iPhone.ActiveCfg = Release|Any CPU
		{7B16D1E7-E8E5-43F7-B9BC-2637EC8C641F}.Release|iPhone.Build.0 = Release|Any CPU
		{7B16D1E7-E8E5-43F7-B9BC-2637EC8C641F}.Release|iPhoneSimulator.ActiveCfg = Release|Any CPU
		{7B16D1E7-E8E5-43F7-B9BC-2637EC8C641F}.Release|iPhoneSimulator.Build.0 = Release|Any CPU
		{7B16D1E7-E8E5-43F7-B9BC-2637EC8C641F}.Release|x64.ActiveCfg = Release|Any CPU
		{7B16D1E7-E8E5-43F7-B9BC-2637EC8C641F}.Release|x64.Build.0 = Release|Any CPU
		{7B16D1E7-E8E5-43F7-B9BC-2637EC8C641F}.Release|x86.ActiveCfg = Release|Any CPU
		{7B16D1E7-E8E5-43F7-B9BC-2637EC8C641F}.Release|x86.Build.0 = Release|Any CPU
		{35F800B8-134E-4AA4-9981-435576F44048}.Ad-Hoc|Any CPU.ActiveCfg = Release|Any CPU
		{35F800B8-134E-4AA4-9981-435576F44048}.Ad-Hoc|Any CPU.Build.0 = Release|Any CPU
		{35F800B8-134E-4AA4-9981-435576F44048}.Ad-Hoc|Any CPU.Deploy.0 = Release|Any CPU
		{35F800B8-134E-4AA4-9981-435576F44048}.Ad-Hoc|ARM.ActiveCfg = Release|Any CPU
		{35F800B8-134E-4AA4-9981-435576F44048}.Ad-Hoc|ARM.Build.0 = Release|Any CPU
		{35F800B8-134E-4AA4-9981-435576F44048}.Ad-Hoc|ARM.Deploy.0 = Release|Any CPU
		{35F800B8-134E-4AA4-9981-435576F44048}.Ad-Hoc|iPhone.ActiveCfg = Release|Any CPU
		{35F800B8-134E-4AA4-9981-435576F44048}.Ad-Hoc|iPhone.Build.0 = Release|Any CPU
		{35F800B8-134E-4AA4-9981-435576F44048}.Ad-Hoc|iPhone.Deploy.0 = Release|Any CPU
		{35F800B8-134E-4AA4-9981-435576F44048}.Ad-Hoc|iPhoneSimulator.ActiveCfg = Release|Any CPU
		{35F800B8-134E-4AA4-9981-435576F44048}.Ad-Hoc|iPhoneSimulator.Build.0 = Release|Any CPU
		{35F800B8-134E-4AA4-9981-435576F44048}.Ad-Hoc|iPhoneSimulator.Deploy.0 = Release|Any CPU
		{35F800B8-134E-4AA4-9981-435576F44048}.Ad-Hoc|x64.ActiveCfg = Release|Any CPU
		{35F800B8-134E-4AA4-9981-435576F44048}.Ad-Hoc|x64.Build.0 = Release|Any CPU
		{35F800B8-134E-4AA4-9981-435576F44048}.Ad-Hoc|x64.Deploy.0 = Release|Any CPU
		{35F800B8-134E-4AA4-9981-435576F44048}.Ad-Hoc|x86.ActiveCfg = Release|Any CPU
		{35F800B8-134E-4AA4-9981-435576F44048}.Ad-Hoc|x86.Build.0 = Release|Any CPU
		{35F800B8-134E-4AA4-9981-435576F44048}.Ad-Hoc|x86.Deploy.0 = Release|Any CPU
		{35F800B8-134E-4AA4-9981-435576F44048}.AppStore|Any CPU.ActiveCfg = Release|Any CPU
		{35F800B8-134E-4AA4-9981-435576F44048}.AppStore|Any CPU.Build.0 = Release|Any CPU
		{35F800B8-134E-4AA4-9981-435576F44048}.AppStore|Any CPU.Deploy.0 = Release|Any CPU
		{35F800B8-134E-4AA4-9981-435576F44048}.AppStore|ARM.ActiveCfg = Release|Any CPU
		{35F800B8-134E-4AA4-9981-435576F44048}.AppStore|ARM.Build.0 = Release|Any CPU
		{35F800B8-134E-4AA4-9981-435576F44048}.AppStore|ARM.Deploy.0 = Release|Any CPU
		{35F800B8-134E-4AA4-9981-435576F44048}.AppStore|iPhone.ActiveCfg = Release|Any CPU
		{35F800B8-134E-4AA4-9981-435576F44048}.AppStore|iPhone.Build.0 = Release|Any CPU
		{35F800B8-134E-4AA4-9981-435576F44048}.AppStore|iPhone.Deploy.0 = Release|Any CPU
		{35F800B8-134E-4AA4-9981-435576F44048}.AppStore|iPhoneSimulator.ActiveCfg = Release|Any CPU
		{35F800B8-134E-4AA4-9981-435576F44048}.AppStore|iPhoneSimulator.Build.0 = Release|Any CPU
		{35F800B8-134E-4AA4-9981-435576F44048}.AppStore|iPhoneSimulator.Deploy.0 = Release|Any CPU
		{35F800B8-134E-4AA4-9981-435576F44048}.AppStore|x64.ActiveCfg = Release|Any CPU
		{35F800B8-134E-4AA4-9981-435576F44048}.AppStore|x64.Build.0 = Release|Any CPU
		{35F800B8-134E-4AA4-9981-435576F44048}.AppStore|x64.Deploy.0 = Release|Any CPU
		{35F800B8-134E-4AA4-9981-435576F44048}.AppStore|x86.ActiveCfg = Release|Any CPU
		{35F800B8-134E-4AA4-9981-435576F44048}.AppStore|x86.Build.0 = Release|Any CPU
		{35F800B8-134E-4AA4-9981-435576F44048}.AppStore|x86.Deploy.0 = Release|Any CPU
		{35F800B8-134E-4AA4-9981-435576F44048}.Debug|Any CPU.ActiveCfg = Debug|Any CPU
		{35F800B8-134E-4AA4-9981-435576F44048}.Debug|Any CPU.Build.0 = Debug|Any CPU
		{35F800B8-134E-4AA4-9981-435576F44048}.Debug|Any CPU.Deploy.0 = Debug|Any CPU
		{35F800B8-134E-4AA4-9981-435576F44048}.Debug|ARM.ActiveCfg = Debug|Any CPU
		{35F800B8-134E-4AA4-9981-435576F44048}.Debug|ARM.Build.0 = Debug|Any CPU
		{35F800B8-134E-4AA4-9981-435576F44048}.Debug|ARM.Deploy.0 = Debug|Any CPU
		{35F800B8-134E-4AA4-9981-435576F44048}.Debug|iPhone.ActiveCfg = Debug|Any CPU
		{35F800B8-134E-4AA4-9981-435576F44048}.Debug|iPhone.Build.0 = Debug|Any CPU
		{35F800B8-134E-4AA4-9981-435576F44048}.Debug|iPhone.Deploy.0 = Debug|Any CPU
		{35F800B8-134E-4AA4-9981-435576F44048}.Debug|iPhoneSimulator.ActiveCfg = Debug|Any CPU
		{35F800B8-134E-4AA4-9981-435576F44048}.Debug|iPhoneSimulator.Build.0 = Debug|Any CPU
		{35F800B8-134E-4AA4-9981-435576F44048}.Debug|iPhoneSimulator.Deploy.0 = Debug|Any CPU
		{35F800B8-134E-4AA4-9981-435576F44048}.Debug|x64.ActiveCfg = Debug|Any CPU
		{35F800B8-134E-4AA4-9981-435576F44048}.Debug|x64.Build.0 = Debug|Any CPU
		{35F800B8-134E-4AA4-9981-435576F44048}.Debug|x64.Deploy.0 = Debug|Any CPU
		{35F800B8-134E-4AA4-9981-435576F44048}.Debug|x86.ActiveCfg = Debug|Any CPU
		{35F800B8-134E-4AA4-9981-435576F44048}.Debug|x86.Build.0 = Debug|Any CPU
		{35F800B8-134E-4AA4-9981-435576F44048}.Debug|x86.Deploy.0 = Debug|Any CPU
		{35F800B8-134E-4AA4-9981-435576F44048}.Release|Any CPU.ActiveCfg = Release|Any CPU
		{35F800B8-134E-4AA4-9981-435576F44048}.Release|Any CPU.Build.0 = Release|Any CPU
		{35F800B8-134E-4AA4-9981-435576F44048}.Release|Any CPU.Deploy.0 = Release|Any CPU
		{35F800B8-134E-4AA4-9981-435576F44048}.Release|ARM.ActiveCfg = Release|Any CPU
		{35F800B8-134E-4AA4-9981-435576F44048}.Release|ARM.Build.0 = Release|Any CPU
		{35F800B8-134E-4AA4-9981-435576F44048}.Release|ARM.Deploy.0 = Release|Any CPU
		{35F800B8-134E-4AA4-9981-435576F44048}.Release|iPhone.ActiveCfg = Release|Any CPU
		{35F800B8-134E-4AA4-9981-435576F44048}.Release|iPhone.Build.0 = Release|Any CPU
		{35F800B8-134E-4AA4-9981-435576F44048}.Release|iPhone.Deploy.0 = Release|Any CPU
		{35F800B8-134E-4AA4-9981-435576F44048}.Release|iPhoneSimulator.ActiveCfg = Release|Any CPU
		{35F800B8-134E-4AA4-9981-435576F44048}.Release|iPhoneSimulator.Build.0 = Release|Any CPU
		{35F800B8-134E-4AA4-9981-435576F44048}.Release|iPhoneSimulator.Deploy.0 = Release|Any CPU
		{35F800B8-134E-4AA4-9981-435576F44048}.Release|x64.ActiveCfg = Release|Any CPU
		{35F800B8-134E-4AA4-9981-435576F44048}.Release|x64.Build.0 = Release|Any CPU
		{35F800B8-134E-4AA4-9981-435576F44048}.Release|x64.Deploy.0 = Release|Any CPU
		{35F800B8-134E-4AA4-9981-435576F44048}.Release|x86.ActiveCfg = Release|Any CPU
		{35F800B8-134E-4AA4-9981-435576F44048}.Release|x86.Build.0 = Release|Any CPU
		{35F800B8-134E-4AA4-9981-435576F44048}.Release|x86.Deploy.0 = Release|Any CPU
		{15DF4293-1276-4E92-A881-314FFCE958B0}.Ad-Hoc|Any CPU.ActiveCfg = Release|iPhone
		{15DF4293-1276-4E92-A881-314FFCE958B0}.Ad-Hoc|Any CPU.Build.0 = Release|iPhone
		{15DF4293-1276-4E92-A881-314FFCE958B0}.Ad-Hoc|ARM.ActiveCfg = Release|iPhone
		{15DF4293-1276-4E92-A881-314FFCE958B0}.Ad-Hoc|ARM.Build.0 = Release|iPhone
		{15DF4293-1276-4E92-A881-314FFCE958B0}.Ad-Hoc|iPhone.ActiveCfg = Release|iPhone
		{15DF4293-1276-4E92-A881-314FFCE958B0}.Ad-Hoc|iPhone.Build.0 = Release|iPhone
		{15DF4293-1276-4E92-A881-314FFCE958B0}.Ad-Hoc|iPhoneSimulator.ActiveCfg = Release|iPhoneSimulator
		{15DF4293-1276-4E92-A881-314FFCE958B0}.Ad-Hoc|iPhoneSimulator.Build.0 = Release|iPhoneSimulator
		{15DF4293-1276-4E92-A881-314FFCE958B0}.Ad-Hoc|x64.ActiveCfg = Release|iPhone
		{15DF4293-1276-4E92-A881-314FFCE958B0}.Ad-Hoc|x64.Build.0 = Release|iPhone
		{15DF4293-1276-4E92-A881-314FFCE958B0}.Ad-Hoc|x86.ActiveCfg = Release|iPhone
		{15DF4293-1276-4E92-A881-314FFCE958B0}.Ad-Hoc|x86.Build.0 = Release|iPhone
		{15DF4293-1276-4E92-A881-314FFCE958B0}.AppStore|Any CPU.ActiveCfg = Release|iPhone
		{15DF4293-1276-4E92-A881-314FFCE958B0}.AppStore|Any CPU.Build.0 = Release|iPhone
		{15DF4293-1276-4E92-A881-314FFCE958B0}.AppStore|ARM.ActiveCfg = Release|iPhone
		{15DF4293-1276-4E92-A881-314FFCE958B0}.AppStore|ARM.Build.0 = Release|iPhone
		{15DF4293-1276-4E92-A881-314FFCE958B0}.AppStore|iPhone.ActiveCfg = Release|iPhone
		{15DF4293-1276-4E92-A881-314FFCE958B0}.AppStore|iPhone.Build.0 = Release|iPhone
		{15DF4293-1276-4E92-A881-314FFCE958B0}.AppStore|iPhoneSimulator.ActiveCfg = Release|iPhoneSimulator
		{15DF4293-1276-4E92-A881-314FFCE958B0}.AppStore|iPhoneSimulator.Build.0 = Release|iPhoneSimulator
		{15DF4293-1276-4E92-A881-314FFCE958B0}.AppStore|x64.ActiveCfg = Release|iPhone
		{15DF4293-1276-4E92-A881-314FFCE958B0}.AppStore|x64.Build.0 = Release|iPhone
		{15DF4293-1276-4E92-A881-314FFCE958B0}.AppStore|x86.ActiveCfg = Release|iPhone
		{15DF4293-1276-4E92-A881-314FFCE958B0}.AppStore|x86.Build.0 = Release|iPhone
		{15DF4293-1276-4E92-A881-314FFCE958B0}.Debug|Any CPU.ActiveCfg = Debug|iPhone
		{15DF4293-1276-4E92-A881-314FFCE958B0}.Debug|ARM.ActiveCfg = Debug|iPhone
		{15DF4293-1276-4E92-A881-314FFCE958B0}.Debug|iPhone.ActiveCfg = Debug|iPhone
		{15DF4293-1276-4E92-A881-314FFCE958B0}.Debug|iPhone.Build.0 = Debug|iPhone
		{15DF4293-1276-4E92-A881-314FFCE958B0}.Debug|iPhoneSimulator.ActiveCfg = Debug|iPhoneSimulator
		{15DF4293-1276-4E92-A881-314FFCE958B0}.Debug|iPhoneSimulator.Build.0 = Debug|iPhoneSimulator
		{15DF4293-1276-4E92-A881-314FFCE958B0}.Debug|x64.ActiveCfg = Debug|iPhone
		{15DF4293-1276-4E92-A881-314FFCE958B0}.Debug|x86.ActiveCfg = Debug|iPhone
		{15DF4293-1276-4E92-A881-314FFCE958B0}.Release|Any CPU.ActiveCfg = Release|iPhone
		{15DF4293-1276-4E92-A881-314FFCE958B0}.Release|ARM.ActiveCfg = Release|iPhone
		{15DF4293-1276-4E92-A881-314FFCE958B0}.Release|iPhone.ActiveCfg = Release|iPhone
		{15DF4293-1276-4E92-A881-314FFCE958B0}.Release|iPhone.Build.0 = Release|iPhone
		{15DF4293-1276-4E92-A881-314FFCE958B0}.Release|iPhoneSimulator.ActiveCfg = Release|iPhoneSimulator
		{15DF4293-1276-4E92-A881-314FFCE958B0}.Release|iPhoneSimulator.Build.0 = Release|iPhoneSimulator
		{15DF4293-1276-4E92-A881-314FFCE958B0}.Release|x64.ActiveCfg = Release|iPhone
		{15DF4293-1276-4E92-A881-314FFCE958B0}.Release|x86.ActiveCfg = Release|iPhone
		{1236E8D1-4112-4769-91AC-2E0CE3EB3CFF}.Ad-Hoc|Any CPU.ActiveCfg = Release|x86
		{1236E8D1-4112-4769-91AC-2E0CE3EB3CFF}.Ad-Hoc|Any CPU.Build.0 = Release|x86
		{1236E8D1-4112-4769-91AC-2E0CE3EB3CFF}.Ad-Hoc|Any CPU.Deploy.0 = Release|x86
		{1236E8D1-4112-4769-91AC-2E0CE3EB3CFF}.Ad-Hoc|ARM.ActiveCfg = Release|ARM
		{1236E8D1-4112-4769-91AC-2E0CE3EB3CFF}.Ad-Hoc|ARM.Build.0 = Release|ARM
		{1236E8D1-4112-4769-91AC-2E0CE3EB3CFF}.Ad-Hoc|ARM.Deploy.0 = Release|ARM
		{1236E8D1-4112-4769-91AC-2E0CE3EB3CFF}.Ad-Hoc|iPhone.ActiveCfg = Release|x86
		{1236E8D1-4112-4769-91AC-2E0CE3EB3CFF}.Ad-Hoc|iPhone.Build.0 = Release|x86
		{1236E8D1-4112-4769-91AC-2E0CE3EB3CFF}.Ad-Hoc|iPhone.Deploy.0 = Release|x86
		{1236E8D1-4112-4769-91AC-2E0CE3EB3CFF}.Ad-Hoc|iPhoneSimulator.ActiveCfg = Release|x86
		{1236E8D1-4112-4769-91AC-2E0CE3EB3CFF}.Ad-Hoc|iPhoneSimulator.Build.0 = Release|x86
		{1236E8D1-4112-4769-91AC-2E0CE3EB3CFF}.Ad-Hoc|iPhoneSimulator.Deploy.0 = Release|x86
		{1236E8D1-4112-4769-91AC-2E0CE3EB3CFF}.Ad-Hoc|x64.ActiveCfg = Release|x64
		{1236E8D1-4112-4769-91AC-2E0CE3EB3CFF}.Ad-Hoc|x64.Build.0 = Release|x64
		{1236E8D1-4112-4769-91AC-2E0CE3EB3CFF}.Ad-Hoc|x64.Deploy.0 = Release|x64
		{1236E8D1-4112-4769-91AC-2E0CE3EB3CFF}.Ad-Hoc|x86.ActiveCfg = Release|x86
		{1236E8D1-4112-4769-91AC-2E0CE3EB3CFF}.Ad-Hoc|x86.Build.0 = Release|x86
		{1236E8D1-4112-4769-91AC-2E0CE3EB3CFF}.Ad-Hoc|x86.Deploy.0 = Release|x86
		{1236E8D1-4112-4769-91AC-2E0CE3EB3CFF}.AppStore|Any CPU.ActiveCfg = Release|x86
		{1236E8D1-4112-4769-91AC-2E0CE3EB3CFF}.AppStore|Any CPU.Build.0 = Release|x86
		{1236E8D1-4112-4769-91AC-2E0CE3EB3CFF}.AppStore|Any CPU.Deploy.0 = Release|x86
		{1236E8D1-4112-4769-91AC-2E0CE3EB3CFF}.AppStore|ARM.ActiveCfg = Release|ARM
		{1236E8D1-4112-4769-91AC-2E0CE3EB3CFF}.AppStore|ARM.Build.0 = Release|ARM
		{1236E8D1-4112-4769-91AC-2E0CE3EB3CFF}.AppStore|ARM.Deploy.0 = Release|ARM
		{1236E8D1-4112-4769-91AC-2E0CE3EB3CFF}.AppStore|iPhone.ActiveCfg = Release|x86
		{1236E8D1-4112-4769-91AC-2E0CE3EB3CFF}.AppStore|iPhone.Build.0 = Release|x86
		{1236E8D1-4112-4769-91AC-2E0CE3EB3CFF}.AppStore|iPhone.Deploy.0 = Release|x86
		{1236E8D1-4112-4769-91AC-2E0CE3EB3CFF}.AppStore|iPhoneSimulator.ActiveCfg = Release|x86
		{1236E8D1-4112-4769-91AC-2E0CE3EB3CFF}.AppStore|iPhoneSimulator.Build.0 = Release|x86
		{1236E8D1-4112-4769-91AC-2E0CE3EB3CFF}.AppStore|iPhoneSimulator.Deploy.0 = Release|x86
		{1236E8D1-4112-4769-91AC-2E0CE3EB3CFF}.AppStore|x64.ActiveCfg = Release|x64
		{1236E8D1-4112-4769-91AC-2E0CE3EB3CFF}.AppStore|x64.Build.0 = Release|x64
		{1236E8D1-4112-4769-91AC-2E0CE3EB3CFF}.AppStore|x64.Deploy.0 = Release|x64
		{1236E8D1-4112-4769-91AC-2E0CE3EB3CFF}.AppStore|x86.ActiveCfg = Release|x86
		{1236E8D1-4112-4769-91AC-2E0CE3EB3CFF}.AppStore|x86.Build.0 = Release|x86
		{1236E8D1-4112-4769-91AC-2E0CE3EB3CFF}.AppStore|x86.Deploy.0 = Release|x86
		{1236E8D1-4112-4769-91AC-2E0CE3EB3CFF}.Debug|Any CPU.ActiveCfg = Debug|x86
		{1236E8D1-4112-4769-91AC-2E0CE3EB3CFF}.Debug|ARM.ActiveCfg = Debug|ARM
		{1236E8D1-4112-4769-91AC-2E0CE3EB3CFF}.Debug|ARM.Build.0 = Debug|ARM
		{1236E8D1-4112-4769-91AC-2E0CE3EB3CFF}.Debug|ARM.Deploy.0 = Debug|ARM
		{1236E8D1-4112-4769-91AC-2E0CE3EB3CFF}.Debug|iPhone.ActiveCfg = Debug|x86
		{1236E8D1-4112-4769-91AC-2E0CE3EB3CFF}.Debug|iPhoneSimulator.ActiveCfg = Debug|x86
		{1236E8D1-4112-4769-91AC-2E0CE3EB3CFF}.Debug|x64.ActiveCfg = Debug|x64
		{1236E8D1-4112-4769-91AC-2E0CE3EB3CFF}.Debug|x64.Build.0 = Debug|x64
		{1236E8D1-4112-4769-91AC-2E0CE3EB3CFF}.Debug|x64.Deploy.0 = Debug|x64
		{1236E8D1-4112-4769-91AC-2E0CE3EB3CFF}.Debug|x86.ActiveCfg = Debug|x86
		{1236E8D1-4112-4769-91AC-2E0CE3EB3CFF}.Debug|x86.Build.0 = Debug|x86
		{1236E8D1-4112-4769-91AC-2E0CE3EB3CFF}.Debug|x86.Deploy.0 = Debug|x86
		{1236E8D1-4112-4769-91AC-2E0CE3EB3CFF}.Release|Any CPU.ActiveCfg = Release|x86
		{1236E8D1-4112-4769-91AC-2E0CE3EB3CFF}.Release|ARM.ActiveCfg = Release|ARM
		{1236E8D1-4112-4769-91AC-2E0CE3EB3CFF}.Release|ARM.Build.0 = Release|ARM
		{1236E8D1-4112-4769-91AC-2E0CE3EB3CFF}.Release|ARM.Deploy.0 = Release|ARM
		{1236E8D1-4112-4769-91AC-2E0CE3EB3CFF}.Release|iPhone.ActiveCfg = Release|x86
		{1236E8D1-4112-4769-91AC-2E0CE3EB3CFF}.Release|iPhoneSimulator.ActiveCfg = Release|x86
		{1236E8D1-4112-4769-91AC-2E0CE3EB3CFF}.Release|x64.ActiveCfg = Release|x64
		{1236E8D1-4112-4769-91AC-2E0CE3EB3CFF}.Release|x64.Build.0 = Release|x64
		{1236E8D1-4112-4769-91AC-2E0CE3EB3CFF}.Release|x64.Deploy.0 = Release|x64
		{1236E8D1-4112-4769-91AC-2E0CE3EB3CFF}.Release|x86.ActiveCfg = Release|x86
		{1236E8D1-4112-4769-91AC-2E0CE3EB3CFF}.Release|x86.Build.0 = Release|x86
		{1236E8D1-4112-4769-91AC-2E0CE3EB3CFF}.Release|x86.Deploy.0 = Release|x86
		{8D8893FC-BA19-4E63-9686-0CA53E8844B2}.Ad-Hoc|Any CPU.ActiveCfg = Release|Any CPU
		{8D8893FC-BA19-4E63-9686-0CA53E8844B2}.Ad-Hoc|Any CPU.Build.0 = Release|Any CPU
		{8D8893FC-BA19-4E63-9686-0CA53E8844B2}.Ad-Hoc|ARM.ActiveCfg = Release|Any CPU
		{8D8893FC-BA19-4E63-9686-0CA53E8844B2}.Ad-Hoc|ARM.Build.0 = Release|Any CPU
		{8D8893FC-BA19-4E63-9686-0CA53E8844B2}.Ad-Hoc|iPhone.ActiveCfg = Release|Any CPU
		{8D8893FC-BA19-4E63-9686-0CA53E8844B2}.Ad-Hoc|iPhone.Build.0 = Release|Any CPU
		{8D8893FC-BA19-4E63-9686-0CA53E8844B2}.Ad-Hoc|iPhoneSimulator.ActiveCfg = Release|Any CPU
		{8D8893FC-BA19-4E63-9686-0CA53E8844B2}.Ad-Hoc|iPhoneSimulator.Build.0 = Release|Any CPU
		{8D8893FC-BA19-4E63-9686-0CA53E8844B2}.Ad-Hoc|x64.ActiveCfg = Release|Any CPU
		{8D8893FC-BA19-4E63-9686-0CA53E8844B2}.Ad-Hoc|x64.Build.0 = Release|Any CPU
		{8D8893FC-BA19-4E63-9686-0CA53E8844B2}.Ad-Hoc|x86.ActiveCfg = Release|Any CPU
		{8D8893FC-BA19-4E63-9686-0CA53E8844B2}.Ad-Hoc|x86.Build.0 = Release|Any CPU
		{8D8893FC-BA19-4E63-9686-0CA53E8844B2}.AppStore|Any CPU.ActiveCfg = Release|Any CPU
		{8D8893FC-BA19-4E63-9686-0CA53E8844B2}.AppStore|Any CPU.Build.0 = Release|Any CPU
		{8D8893FC-BA19-4E63-9686-0CA53E8844B2}.AppStore|ARM.ActiveCfg = Release|Any CPU
		{8D8893FC-BA19-4E63-9686-0CA53E8844B2}.AppStore|ARM.Build.0 = Release|Any CPU
		{8D8893FC-BA19-4E63-9686-0CA53E8844B2}.AppStore|iPhone.ActiveCfg = Release|Any CPU
		{8D8893FC-BA19-4E63-9686-0CA53E8844B2}.AppStore|iPhone.Build.0 = Release|Any CPU
		{8D8893FC-BA19-4E63-9686-0CA53E8844B2}.AppStore|iPhoneSimulator.ActiveCfg = Release|Any CPU
		{8D8893FC-BA19-4E63-9686-0CA53E8844B2}.AppStore|iPhoneSimulator.Build.0 = Release|Any CPU
		{8D8893FC-BA19-4E63-9686-0CA53E8844B2}.AppStore|x64.ActiveCfg = Release|Any CPU
		{8D8893FC-BA19-4E63-9686-0CA53E8844B2}.AppStore|x64.Build.0 = Release|Any CPU
		{8D8893FC-BA19-4E63-9686-0CA53E8844B2}.AppStore|x86.ActiveCfg = Release|Any CPU
		{8D8893FC-BA19-4E63-9686-0CA53E8844B2}.AppStore|x86.Build.0 = Release|Any CPU
		{8D8893FC-BA19-4E63-9686-0CA53E8844B2}.Debug|Any CPU.ActiveCfg = Debug|Any CPU
		{8D8893FC-BA19-4E63-9686-0CA53E8844B2}.Debug|Any CPU.Build.0 = Debug|Any CPU
		{8D8893FC-BA19-4E63-9686-0CA53E8844B2}.Debug|ARM.ActiveCfg = Debug|Any CPU
		{8D8893FC-BA19-4E63-9686-0CA53E8844B2}.Debug|ARM.Build.0 = Debug|Any CPU
		{8D8893FC-BA19-4E63-9686-0CA53E8844B2}.Debug|iPhone.ActiveCfg = Debug|Any CPU
		{8D8893FC-BA19-4E63-9686-0CA53E8844B2}.Debug|iPhone.Build.0 = Debug|Any CPU
		{8D8893FC-BA19-4E63-9686-0CA53E8844B2}.Debug|iPhoneSimulator.ActiveCfg = Debug|Any CPU
		{8D8893FC-BA19-4E63-9686-0CA53E8844B2}.Debug|iPhoneSimulator.Build.0 = Debug|Any CPU
		{8D8893FC-BA19-4E63-9686-0CA53E8844B2}.Debug|x64.ActiveCfg = Debug|Any CPU
		{8D8893FC-BA19-4E63-9686-0CA53E8844B2}.Debug|x64.Build.0 = Debug|Any CPU
		{8D8893FC-BA19-4E63-9686-0CA53E8844B2}.Debug|x86.ActiveCfg = Debug|Any CPU
		{8D8893FC-BA19-4E63-9686-0CA53E8844B2}.Debug|x86.Build.0 = Debug|Any CPU
		{8D8893FC-BA19-4E63-9686-0CA53E8844B2}.Release|Any CPU.ActiveCfg = Release|Any CPU
		{8D8893FC-BA19-4E63-9686-0CA53E8844B2}.Release|Any CPU.Build.0 = Release|Any CPU
		{8D8893FC-BA19-4E63-9686-0CA53E8844B2}.Release|ARM.ActiveCfg = Release|Any CPU
		{8D8893FC-BA19-4E63-9686-0CA53E8844B2}.Release|ARM.Build.0 = Release|Any CPU
		{8D8893FC-BA19-4E63-9686-0CA53E8844B2}.Release|iPhone.ActiveCfg = Release|Any CPU
		{8D8893FC-BA19-4E63-9686-0CA53E8844B2}.Release|iPhone.Build.0 = Release|Any CPU
		{8D8893FC-BA19-4E63-9686-0CA53E8844B2}.Release|iPhoneSimulator.ActiveCfg = Release|Any CPU
		{8D8893FC-BA19-4E63-9686-0CA53E8844B2}.Release|iPhoneSimulator.Build.0 = Release|Any CPU
		{8D8893FC-BA19-4E63-9686-0CA53E8844B2}.Release|x64.ActiveCfg = Release|Any CPU
		{8D8893FC-BA19-4E63-9686-0CA53E8844B2}.Release|x64.Build.0 = Release|Any CPU
		{8D8893FC-BA19-4E63-9686-0CA53E8844B2}.Release|x86.ActiveCfg = Release|Any CPU
		{8D8893FC-BA19-4E63-9686-0CA53E8844B2}.Release|x86.Build.0 = Release|Any CPU
		{F5C6B817-A451-4DF5-BEF9-411485E34761}.Ad-Hoc|Any CPU.ActiveCfg = Release|x64
		{F5C6B817-A451-4DF5-BEF9-411485E34761}.Ad-Hoc|Any CPU.Build.0 = Release|x64
		{F5C6B817-A451-4DF5-BEF9-411485E34761}.Ad-Hoc|Any CPU.Deploy.0 = Release|x64
		{F5C6B817-A451-4DF5-BEF9-411485E34761}.Ad-Hoc|ARM.ActiveCfg = Release|ARM
		{F5C6B817-A451-4DF5-BEF9-411485E34761}.Ad-Hoc|ARM.Build.0 = Release|ARM
		{F5C6B817-A451-4DF5-BEF9-411485E34761}.Ad-Hoc|ARM.Deploy.0 = Release|ARM
		{F5C6B817-A451-4DF5-BEF9-411485E34761}.Ad-Hoc|iPhone.ActiveCfg = Release|x64
		{F5C6B817-A451-4DF5-BEF9-411485E34761}.Ad-Hoc|iPhone.Build.0 = Release|x64
		{F5C6B817-A451-4DF5-BEF9-411485E34761}.Ad-Hoc|iPhone.Deploy.0 = Release|x64
		{F5C6B817-A451-4DF5-BEF9-411485E34761}.Ad-Hoc|iPhoneSimulator.ActiveCfg = Release|x64
		{F5C6B817-A451-4DF5-BEF9-411485E34761}.Ad-Hoc|iPhoneSimulator.Build.0 = Release|x64
		{F5C6B817-A451-4DF5-BEF9-411485E34761}.Ad-Hoc|iPhoneSimulator.Deploy.0 = Release|x64
		{F5C6B817-A451-4DF5-BEF9-411485E34761}.Ad-Hoc|x64.ActiveCfg = Release|x64
		{F5C6B817-A451-4DF5-BEF9-411485E34761}.Ad-Hoc|x64.Build.0 = Release|x64
		{F5C6B817-A451-4DF5-BEF9-411485E34761}.Ad-Hoc|x64.Deploy.0 = Release|x64
		{F5C6B817-A451-4DF5-BEF9-411485E34761}.Ad-Hoc|x86.ActiveCfg = Release|x86
		{F5C6B817-A451-4DF5-BEF9-411485E34761}.Ad-Hoc|x86.Build.0 = Release|x86
		{F5C6B817-A451-4DF5-BEF9-411485E34761}.Ad-Hoc|x86.Deploy.0 = Release|x86
		{F5C6B817-A451-4DF5-BEF9-411485E34761}.AppStore|Any CPU.ActiveCfg = Release|x64
		{F5C6B817-A451-4DF5-BEF9-411485E34761}.AppStore|Any CPU.Build.0 = Release|x64
		{F5C6B817-A451-4DF5-BEF9-411485E34761}.AppStore|Any CPU.Deploy.0 = Release|x64
		{F5C6B817-A451-4DF5-BEF9-411485E34761}.AppStore|ARM.ActiveCfg = Release|ARM
		{F5C6B817-A451-4DF5-BEF9-411485E34761}.AppStore|ARM.Build.0 = Release|ARM
		{F5C6B817-A451-4DF5-BEF9-411485E34761}.AppStore|ARM.Deploy.0 = Release|ARM
		{F5C6B817-A451-4DF5-BEF9-411485E34761}.AppStore|iPhone.ActiveCfg = Release|x64
		{F5C6B817-A451-4DF5-BEF9-411485E34761}.AppStore|iPhone.Build.0 = Release|x64
		{F5C6B817-A451-4DF5-BEF9-411485E34761}.AppStore|iPhone.Deploy.0 = Release|x64
		{F5C6B817-A451-4DF5-BEF9-411485E34761}.AppStore|iPhoneSimulator.ActiveCfg = Release|x64
		{F5C6B817-A451-4DF5-BEF9-411485E34761}.AppStore|iPhoneSimulator.Build.0 = Release|x64
		{F5C6B817-A451-4DF5-BEF9-411485E34761}.AppStore|iPhoneSimulator.Deploy.0 = Release|x64
		{F5C6B817-A451-4DF5-BEF9-411485E34761}.AppStore|x64.ActiveCfg = Release|x64
		{F5C6B817-A451-4DF5-BEF9-411485E34761}.AppStore|x64.Build.0 = Release|x64
		{F5C6B817-A451-4DF5-BEF9-411485E34761}.AppStore|x64.Deploy.0 = Release|x64
		{F5C6B817-A451-4DF5-BEF9-411485E34761}.AppStore|x86.ActiveCfg = Release|x86
		{F5C6B817-A451-4DF5-BEF9-411485E34761}.AppStore|x86.Build.0 = Release|x86
		{F5C6B817-A451-4DF5-BEF9-411485E34761}.AppStore|x86.Deploy.0 = Release|x86
		{F5C6B817-A451-4DF5-BEF9-411485E34761}.Debug|Any CPU.ActiveCfg = Debug|x86
		{F5C6B817-A451-4DF5-BEF9-411485E34761}.Debug|ARM.ActiveCfg = Debug|ARM
		{F5C6B817-A451-4DF5-BEF9-411485E34761}.Debug|ARM.Build.0 = Debug|ARM
		{F5C6B817-A451-4DF5-BEF9-411485E34761}.Debug|ARM.Deploy.0 = Debug|ARM
		{F5C6B817-A451-4DF5-BEF9-411485E34761}.Debug|iPhone.ActiveCfg = Debug|x86
		{F5C6B817-A451-4DF5-BEF9-411485E34761}.Debug|iPhoneSimulator.ActiveCfg = Debug|x86
		{F5C6B817-A451-4DF5-BEF9-411485E34761}.Debug|x64.ActiveCfg = Debug|x64
		{F5C6B817-A451-4DF5-BEF9-411485E34761}.Debug|x64.Build.0 = Debug|x64
		{F5C6B817-A451-4DF5-BEF9-411485E34761}.Debug|x64.Deploy.0 = Debug|x64
		{F5C6B817-A451-4DF5-BEF9-411485E34761}.Debug|x86.ActiveCfg = Debug|x86
		{F5C6B817-A451-4DF5-BEF9-411485E34761}.Debug|x86.Build.0 = Debug|x86
		{F5C6B817-A451-4DF5-BEF9-411485E34761}.Debug|x86.Deploy.0 = Debug|x86
		{F5C6B817-A451-4DF5-BEF9-411485E34761}.Release|Any CPU.ActiveCfg = Release|x86
		{F5C6B817-A451-4DF5-BEF9-411485E34761}.Release|ARM.ActiveCfg = Release|ARM
		{F5C6B817-A451-4DF5-BEF9-411485E34761}.Release|ARM.Build.0 = Release|ARM
		{F5C6B817-A451-4DF5-BEF9-411485E34761}.Release|ARM.Deploy.0 = Release|ARM
		{F5C6B817-A451-4DF5-BEF9-411485E34761}.Release|iPhone.ActiveCfg = Release|x86
		{F5C6B817-A451-4DF5-BEF9-411485E34761}.Release|iPhoneSimulator.ActiveCfg = Release|x86
		{F5C6B817-A451-4DF5-BEF9-411485E34761}.Release|x64.ActiveCfg = Release|x64
		{F5C6B817-A451-4DF5-BEF9-411485E34761}.Release|x64.Build.0 = Release|x64
		{F5C6B817-A451-4DF5-BEF9-411485E34761}.Release|x64.Deploy.0 = Release|x64
		{F5C6B817-A451-4DF5-BEF9-411485E34761}.Release|x86.ActiveCfg = Release|x86
		{F5C6B817-A451-4DF5-BEF9-411485E34761}.Release|x86.Build.0 = Release|x86
		{F5C6B817-A451-4DF5-BEF9-411485E34761}.Release|x86.Deploy.0 = Release|x86
		{46231597-37CF-4BB1-8ED3-ECB3225120BD}.Ad-Hoc|Any CPU.ActiveCfg = Release|Any CPU
		{46231597-37CF-4BB1-8ED3-ECB3225120BD}.Ad-Hoc|Any CPU.Build.0 = Release|Any CPU
		{46231597-37CF-4BB1-8ED3-ECB3225120BD}.Ad-Hoc|Any CPU.Deploy.0 = Release|Any CPU
		{46231597-37CF-4BB1-8ED3-ECB3225120BD}.Ad-Hoc|ARM.ActiveCfg = Release|Any CPU
		{46231597-37CF-4BB1-8ED3-ECB3225120BD}.Ad-Hoc|ARM.Build.0 = Release|Any CPU
		{46231597-37CF-4BB1-8ED3-ECB3225120BD}.Ad-Hoc|ARM.Deploy.0 = Release|Any CPU
		{46231597-37CF-4BB1-8ED3-ECB3225120BD}.Ad-Hoc|iPhone.ActiveCfg = Release|Any CPU
		{46231597-37CF-4BB1-8ED3-ECB3225120BD}.Ad-Hoc|iPhone.Build.0 = Release|Any CPU
		{46231597-37CF-4BB1-8ED3-ECB3225120BD}.Ad-Hoc|iPhone.Deploy.0 = Release|Any CPU
		{46231597-37CF-4BB1-8ED3-ECB3225120BD}.Ad-Hoc|iPhoneSimulator.ActiveCfg = Release|Any CPU
		{46231597-37CF-4BB1-8ED3-ECB3225120BD}.Ad-Hoc|iPhoneSimulator.Build.0 = Release|Any CPU
		{46231597-37CF-4BB1-8ED3-ECB3225120BD}.Ad-Hoc|iPhoneSimulator.Deploy.0 = Release|Any CPU
		{46231597-37CF-4BB1-8ED3-ECB3225120BD}.Ad-Hoc|x64.ActiveCfg = Release|Any CPU
		{46231597-37CF-4BB1-8ED3-ECB3225120BD}.Ad-Hoc|x64.Build.0 = Release|Any CPU
		{46231597-37CF-4BB1-8ED3-ECB3225120BD}.Ad-Hoc|x64.Deploy.0 = Release|Any CPU
		{46231597-37CF-4BB1-8ED3-ECB3225120BD}.Ad-Hoc|x86.ActiveCfg = Release|Any CPU
		{46231597-37CF-4BB1-8ED3-ECB3225120BD}.Ad-Hoc|x86.Build.0 = Release|Any CPU
		{46231597-37CF-4BB1-8ED3-ECB3225120BD}.Ad-Hoc|x86.Deploy.0 = Release|Any CPU
		{46231597-37CF-4BB1-8ED3-ECB3225120BD}.AppStore|Any CPU.ActiveCfg = Release|Any CPU
		{46231597-37CF-4BB1-8ED3-ECB3225120BD}.AppStore|Any CPU.Build.0 = Release|Any CPU
		{46231597-37CF-4BB1-8ED3-ECB3225120BD}.AppStore|Any CPU.Deploy.0 = Release|Any CPU
		{46231597-37CF-4BB1-8ED3-ECB3225120BD}.AppStore|ARM.ActiveCfg = Release|Any CPU
		{46231597-37CF-4BB1-8ED3-ECB3225120BD}.AppStore|ARM.Build.0 = Release|Any CPU
		{46231597-37CF-4BB1-8ED3-ECB3225120BD}.AppStore|ARM.Deploy.0 = Release|Any CPU
		{46231597-37CF-4BB1-8ED3-ECB3225120BD}.AppStore|iPhone.ActiveCfg = Release|Any CPU
		{46231597-37CF-4BB1-8ED3-ECB3225120BD}.AppStore|iPhone.Build.0 = Release|Any CPU
		{46231597-37CF-4BB1-8ED3-ECB3225120BD}.AppStore|iPhone.Deploy.0 = Release|Any CPU
		{46231597-37CF-4BB1-8ED3-ECB3225120BD}.AppStore|iPhoneSimulator.ActiveCfg = Release|Any CPU
		{46231597-37CF-4BB1-8ED3-ECB3225120BD}.AppStore|iPhoneSimulator.Build.0 = Release|Any CPU
		{46231597-37CF-4BB1-8ED3-ECB3225120BD}.AppStore|iPhoneSimulator.Deploy.0 = Release|Any CPU
		{46231597-37CF-4BB1-8ED3-ECB3225120BD}.AppStore|x64.ActiveCfg = Release|Any CPU
		{46231597-37CF-4BB1-8ED3-ECB3225120BD}.AppStore|x64.Build.0 = Release|Any CPU
		{46231597-37CF-4BB1-8ED3-ECB3225120BD}.AppStore|x64.Deploy.0 = Release|Any CPU
		{46231597-37CF-4BB1-8ED3-ECB3225120BD}.AppStore|x86.ActiveCfg = Release|Any CPU
		{46231597-37CF-4BB1-8ED3-ECB3225120BD}.AppStore|x86.Build.0 = Release|Any CPU
		{46231597-37CF-4BB1-8ED3-ECB3225120BD}.AppStore|x86.Deploy.0 = Release|Any CPU
		{46231597-37CF-4BB1-8ED3-ECB3225120BD}.Debug|Any CPU.ActiveCfg = Debug|Any CPU
		{46231597-37CF-4BB1-8ED3-ECB3225120BD}.Debug|Any CPU.Build.0 = Debug|Any CPU
		{46231597-37CF-4BB1-8ED3-ECB3225120BD}.Debug|Any CPU.Deploy.0 = Debug|Any CPU
		{46231597-37CF-4BB1-8ED3-ECB3225120BD}.Debug|ARM.ActiveCfg = Debug|Any CPU
		{46231597-37CF-4BB1-8ED3-ECB3225120BD}.Debug|ARM.Build.0 = Debug|Any CPU
		{46231597-37CF-4BB1-8ED3-ECB3225120BD}.Debug|ARM.Deploy.0 = Debug|Any CPU
		{46231597-37CF-4BB1-8ED3-ECB3225120BD}.Debug|iPhone.ActiveCfg = Debug|Any CPU
		{46231597-37CF-4BB1-8ED3-ECB3225120BD}.Debug|iPhone.Build.0 = Debug|Any CPU
		{46231597-37CF-4BB1-8ED3-ECB3225120BD}.Debug|iPhone.Deploy.0 = Debug|Any CPU
		{46231597-37CF-4BB1-8ED3-ECB3225120BD}.Debug|iPhoneSimulator.ActiveCfg = Debug|Any CPU
		{46231597-37CF-4BB1-8ED3-ECB3225120BD}.Debug|iPhoneSimulator.Build.0 = Debug|Any CPU
		{46231597-37CF-4BB1-8ED3-ECB3225120BD}.Debug|iPhoneSimulator.Deploy.0 = Debug|Any CPU
		{46231597-37CF-4BB1-8ED3-ECB3225120BD}.Debug|x64.ActiveCfg = Debug|Any CPU
		{46231597-37CF-4BB1-8ED3-ECB3225120BD}.Debug|x64.Build.0 = Debug|Any CPU
		{46231597-37CF-4BB1-8ED3-ECB3225120BD}.Debug|x64.Deploy.0 = Debug|Any CPU
		{46231597-37CF-4BB1-8ED3-ECB3225120BD}.Debug|x86.ActiveCfg = Debug|Any CPU
		{46231597-37CF-4BB1-8ED3-ECB3225120BD}.Debug|x86.Build.0 = Debug|Any CPU
		{46231597-37CF-4BB1-8ED3-ECB3225120BD}.Debug|x86.Deploy.0 = Debug|Any CPU
		{46231597-37CF-4BB1-8ED3-ECB3225120BD}.Release|Any CPU.ActiveCfg = Release|Any CPU
		{46231597-37CF-4BB1-8ED3-ECB3225120BD}.Release|Any CPU.Build.0 = Release|Any CPU
		{46231597-37CF-4BB1-8ED3-ECB3225120BD}.Release|Any CPU.Deploy.0 = Release|Any CPU
		{46231597-37CF-4BB1-8ED3-ECB3225120BD}.Release|ARM.ActiveCfg = Release|Any CPU
		{46231597-37CF-4BB1-8ED3-ECB3225120BD}.Release|ARM.Build.0 = Release|Any CPU
		{46231597-37CF-4BB1-8ED3-ECB3225120BD}.Release|ARM.Deploy.0 = Release|Any CPU
		{46231597-37CF-4BB1-8ED3-ECB3225120BD}.Release|iPhone.ActiveCfg = Release|Any CPU
		{46231597-37CF-4BB1-8ED3-ECB3225120BD}.Release|iPhone.Build.0 = Release|Any CPU
		{46231597-37CF-4BB1-8ED3-ECB3225120BD}.Release|iPhone.Deploy.0 = Release|Any CPU
		{46231597-37CF-4BB1-8ED3-ECB3225120BD}.Release|iPhoneSimulator.ActiveCfg = Release|Any CPU
		{46231597-37CF-4BB1-8ED3-ECB3225120BD}.Release|iPhoneSimulator.Build.0 = Release|Any CPU
		{46231597-37CF-4BB1-8ED3-ECB3225120BD}.Release|iPhoneSimulator.Deploy.0 = Release|Any CPU
		{46231597-37CF-4BB1-8ED3-ECB3225120BD}.Release|x64.ActiveCfg = Release|Any CPU
		{46231597-37CF-4BB1-8ED3-ECB3225120BD}.Release|x64.Build.0 = Release|Any CPU
		{46231597-37CF-4BB1-8ED3-ECB3225120BD}.Release|x64.Deploy.0 = Release|Any CPU
		{46231597-37CF-4BB1-8ED3-ECB3225120BD}.Release|x86.ActiveCfg = Release|Any CPU
		{46231597-37CF-4BB1-8ED3-ECB3225120BD}.Release|x86.Build.0 = Release|Any CPU
		{46231597-37CF-4BB1-8ED3-ECB3225120BD}.Release|x86.Deploy.0 = Release|Any CPU
		{035155A6-EE6C-4E9B-8EE3-9D5B3756C419}.Ad-Hoc|Any CPU.ActiveCfg = Ad-Hoc|iPhone
		{035155A6-EE6C-4E9B-8EE3-9D5B3756C419}.Ad-Hoc|ARM.ActiveCfg = Ad-Hoc|iPhone
		{035155A6-EE6C-4E9B-8EE3-9D5B3756C419}.Ad-Hoc|iPhone.ActiveCfg = Ad-Hoc|iPhone
		{035155A6-EE6C-4E9B-8EE3-9D5B3756C419}.Ad-Hoc|iPhone.Build.0 = Ad-Hoc|iPhone
		{035155A6-EE6C-4E9B-8EE3-9D5B3756C419}.Ad-Hoc|iPhoneSimulator.ActiveCfg = Ad-Hoc|iPhoneSimulator
		{035155A6-EE6C-4E9B-8EE3-9D5B3756C419}.Ad-Hoc|iPhoneSimulator.Build.0 = Ad-Hoc|iPhoneSimulator
		{035155A6-EE6C-4E9B-8EE3-9D5B3756C419}.Ad-Hoc|x64.ActiveCfg = Ad-Hoc|iPhone
		{035155A6-EE6C-4E9B-8EE3-9D5B3756C419}.Ad-Hoc|x86.ActiveCfg = Ad-Hoc|iPhone
		{035155A6-EE6C-4E9B-8EE3-9D5B3756C419}.AppStore|Any CPU.ActiveCfg = AppStore|iPhone
		{035155A6-EE6C-4E9B-8EE3-9D5B3756C419}.AppStore|ARM.ActiveCfg = AppStore|iPhone
		{035155A6-EE6C-4E9B-8EE3-9D5B3756C419}.AppStore|iPhone.ActiveCfg = AppStore|iPhone
		{035155A6-EE6C-4E9B-8EE3-9D5B3756C419}.AppStore|iPhone.Build.0 = AppStore|iPhone
		{035155A6-EE6C-4E9B-8EE3-9D5B3756C419}.AppStore|iPhoneSimulator.ActiveCfg = AppStore|iPhoneSimulator
		{035155A6-EE6C-4E9B-8EE3-9D5B3756C419}.AppStore|iPhoneSimulator.Build.0 = AppStore|iPhoneSimulator
		{035155A6-EE6C-4E9B-8EE3-9D5B3756C419}.AppStore|x64.ActiveCfg = AppStore|iPhone
		{035155A6-EE6C-4E9B-8EE3-9D5B3756C419}.AppStore|x86.ActiveCfg = AppStore|iPhone
		{035155A6-EE6C-4E9B-8EE3-9D5B3756C419}.Debug|Any CPU.ActiveCfg = Debug|iPhone
		{035155A6-EE6C-4E9B-8EE3-9D5B3756C419}.Debug|ARM.ActiveCfg = Debug|iPhone
		{035155A6-EE6C-4E9B-8EE3-9D5B3756C419}.Debug|iPhone.ActiveCfg = Debug|iPhone
		{035155A6-EE6C-4E9B-8EE3-9D5B3756C419}.Debug|iPhone.Build.0 = Debug|iPhone
		{035155A6-EE6C-4E9B-8EE3-9D5B3756C419}.Debug|iPhoneSimulator.ActiveCfg = Debug|iPhoneSimulator
		{035155A6-EE6C-4E9B-8EE3-9D5B3756C419}.Debug|iPhoneSimulator.Build.0 = Debug|iPhoneSimulator
		{035155A6-EE6C-4E9B-8EE3-9D5B3756C419}.Debug|x64.ActiveCfg = Debug|iPhone
		{035155A6-EE6C-4E9B-8EE3-9D5B3756C419}.Debug|x86.ActiveCfg = Debug|iPhone
		{035155A6-EE6C-4E9B-8EE3-9D5B3756C419}.Release|Any CPU.ActiveCfg = Release|iPhone
		{035155A6-EE6C-4E9B-8EE3-9D5B3756C419}.Release|ARM.ActiveCfg = Release|iPhone
		{035155A6-EE6C-4E9B-8EE3-9D5B3756C419}.Release|iPhone.ActiveCfg = Release|iPhone
		{035155A6-EE6C-4E9B-8EE3-9D5B3756C419}.Release|iPhone.Build.0 = Release|iPhone
		{035155A6-EE6C-4E9B-8EE3-9D5B3756C419}.Release|iPhoneSimulator.ActiveCfg = Release|iPhoneSimulator
		{035155A6-EE6C-4E9B-8EE3-9D5B3756C419}.Release|iPhoneSimulator.Build.0 = Release|iPhoneSimulator
		{035155A6-EE6C-4E9B-8EE3-9D5B3756C419}.Release|x64.ActiveCfg = Release|iPhone
		{035155A6-EE6C-4E9B-8EE3-9D5B3756C419}.Release|x86.ActiveCfg = Release|iPhone
		{DB0E1328-E598-41A7-A518-AF0430DD8D72}.Ad-Hoc|Any CPU.ActiveCfg = Release|Any CPU
		{DB0E1328-E598-41A7-A518-AF0430DD8D72}.Ad-Hoc|Any CPU.Build.0 = Release|Any CPU
		{DB0E1328-E598-41A7-A518-AF0430DD8D72}.Ad-Hoc|ARM.ActiveCfg = Release|Any CPU
		{DB0E1328-E598-41A7-A518-AF0430DD8D72}.Ad-Hoc|ARM.Build.0 = Release|Any CPU
		{DB0E1328-E598-41A7-A518-AF0430DD8D72}.Ad-Hoc|iPhone.ActiveCfg = Release|Any CPU
		{DB0E1328-E598-41A7-A518-AF0430DD8D72}.Ad-Hoc|iPhone.Build.0 = Release|Any CPU
		{DB0E1328-E598-41A7-A518-AF0430DD8D72}.Ad-Hoc|iPhoneSimulator.ActiveCfg = Release|Any CPU
		{DB0E1328-E598-41A7-A518-AF0430DD8D72}.Ad-Hoc|iPhoneSimulator.Build.0 = Release|Any CPU
		{DB0E1328-E598-41A7-A518-AF0430DD8D72}.Ad-Hoc|x64.ActiveCfg = Release|Any CPU
		{DB0E1328-E598-41A7-A518-AF0430DD8D72}.Ad-Hoc|x64.Build.0 = Release|Any CPU
		{DB0E1328-E598-41A7-A518-AF0430DD8D72}.Ad-Hoc|x86.ActiveCfg = Release|Any CPU
		{DB0E1328-E598-41A7-A518-AF0430DD8D72}.Ad-Hoc|x86.Build.0 = Release|Any CPU
		{DB0E1328-E598-41A7-A518-AF0430DD8D72}.AppStore|Any CPU.ActiveCfg = Release|Any CPU
		{DB0E1328-E598-41A7-A518-AF0430DD8D72}.AppStore|Any CPU.Build.0 = Release|Any CPU
		{DB0E1328-E598-41A7-A518-AF0430DD8D72}.AppStore|ARM.ActiveCfg = Release|Any CPU
		{DB0E1328-E598-41A7-A518-AF0430DD8D72}.AppStore|ARM.Build.0 = Release|Any CPU
		{DB0E1328-E598-41A7-A518-AF0430DD8D72}.AppStore|iPhone.ActiveCfg = Release|Any CPU
		{DB0E1328-E598-41A7-A518-AF0430DD8D72}.AppStore|iPhone.Build.0 = Release|Any CPU
		{DB0E1328-E598-41A7-A518-AF0430DD8D72}.AppStore|iPhoneSimulator.ActiveCfg = Release|Any CPU
		{DB0E1328-E598-41A7-A518-AF0430DD8D72}.AppStore|iPhoneSimulator.Build.0 = Release|Any CPU
		{DB0E1328-E598-41A7-A518-AF0430DD8D72}.AppStore|x64.ActiveCfg = Release|Any CPU
		{DB0E1328-E598-41A7-A518-AF0430DD8D72}.AppStore|x64.Build.0 = Release|Any CPU
		{DB0E1328-E598-41A7-A518-AF0430DD8D72}.AppStore|x86.ActiveCfg = Release|Any CPU
		{DB0E1328-E598-41A7-A518-AF0430DD8D72}.AppStore|x86.Build.0 = Release|Any CPU
		{DB0E1328-E598-41A7-A518-AF0430DD8D72}.Debug|Any CPU.ActiveCfg = Debug|Any CPU
		{DB0E1328-E598-41A7-A518-AF0430DD8D72}.Debug|Any CPU.Build.0 = Debug|Any CPU
		{DB0E1328-E598-41A7-A518-AF0430DD8D72}.Debug|ARM.ActiveCfg = Debug|Any CPU
		{DB0E1328-E598-41A7-A518-AF0430DD8D72}.Debug|ARM.Build.0 = Debug|Any CPU
		{DB0E1328-E598-41A7-A518-AF0430DD8D72}.Debug|iPhone.ActiveCfg = Debug|Any CPU
		{DB0E1328-E598-41A7-A518-AF0430DD8D72}.Debug|iPhone.Build.0 = Debug|Any CPU
		{DB0E1328-E598-41A7-A518-AF0430DD8D72}.Debug|iPhoneSimulator.ActiveCfg = Debug|Any CPU
		{DB0E1328-E598-41A7-A518-AF0430DD8D72}.Debug|iPhoneSimulator.Build.0 = Debug|Any CPU
		{DB0E1328-E598-41A7-A518-AF0430DD8D72}.Debug|x64.ActiveCfg = Debug|Any CPU
		{DB0E1328-E598-41A7-A518-AF0430DD8D72}.Debug|x64.Build.0 = Debug|Any CPU
		{DB0E1328-E598-41A7-A518-AF0430DD8D72}.Debug|x86.ActiveCfg = Debug|Any CPU
		{DB0E1328-E598-41A7-A518-AF0430DD8D72}.Debug|x86.Build.0 = Debug|Any CPU
		{DB0E1328-E598-41A7-A518-AF0430DD8D72}.Release|Any CPU.ActiveCfg = Release|Any CPU
		{DB0E1328-E598-41A7-A518-AF0430DD8D72}.Release|Any CPU.Build.0 = Release|Any CPU
		{DB0E1328-E598-41A7-A518-AF0430DD8D72}.Release|ARM.ActiveCfg = Release|Any CPU
		{DB0E1328-E598-41A7-A518-AF0430DD8D72}.Release|ARM.Build.0 = Release|Any CPU
		{DB0E1328-E598-41A7-A518-AF0430DD8D72}.Release|iPhone.ActiveCfg = Release|Any CPU
		{DB0E1328-E598-41A7-A518-AF0430DD8D72}.Release|iPhone.Build.0 = Release|Any CPU
		{DB0E1328-E598-41A7-A518-AF0430DD8D72}.Release|iPhoneSimulator.ActiveCfg = Release|Any CPU
		{DB0E1328-E598-41A7-A518-AF0430DD8D72}.Release|iPhoneSimulator.Build.0 = Release|Any CPU
		{DB0E1328-E598-41A7-A518-AF0430DD8D72}.Release|x64.ActiveCfg = Release|Any CPU
		{DB0E1328-E598-41A7-A518-AF0430DD8D72}.Release|x64.Build.0 = Release|Any CPU
		{DB0E1328-E598-41A7-A518-AF0430DD8D72}.Release|x86.ActiveCfg = Release|Any CPU
		{DB0E1328-E598-41A7-A518-AF0430DD8D72}.Release|x86.Build.0 = Release|Any CPU
	EndGlobalSection
	GlobalSection(SolutionProperties) = preSolution
		HideSolutionNode = FALSE
	EndGlobalSection
	GlobalSection(NestedProjects) = preSolution
		{7B16D1E7-E8E5-43F7-B9BC-2637EC8C641F} = {53D13094-9F3C-47AA-A3AD-D758A6CE30EA}
		{35F800B8-134E-4AA4-9981-435576F44048} = {53D13094-9F3C-47AA-A3AD-D758A6CE30EA}
		{15DF4293-1276-4E92-A881-314FFCE958B0} = {53D13094-9F3C-47AA-A3AD-D758A6CE30EA}
		{1236E8D1-4112-4769-91AC-2E0CE3EB3CFF} = {53D13094-9F3C-47AA-A3AD-D758A6CE30EA}
		{8D8893FC-BA19-4E63-9686-0CA53E8844B2} = {4C18A99C-99F6-48D3-9CB1-50F866B243C3}
		{F5C6B817-A451-4DF5-BEF9-411485E34761} = {4C18A99C-99F6-48D3-9CB1-50F866B243C3}
		{46231597-37CF-4BB1-8ED3-ECB3225120BD} = {4C18A99C-99F6-48D3-9CB1-50F866B243C3}
		{035155A6-EE6C-4E9B-8EE3-9D5B3756C419} = {4C18A99C-99F6-48D3-9CB1-50F866B243C3}
		{DB0E1328-E598-41A7-A518-AF0430DD8D72} = {4C18A99C-99F6-48D3-9CB1-50F866B243C3}
	EndGlobalSection
	GlobalSection(ExtensibilityGlobals) = postSolution
		SolutionGuid = {837AF0B1-81BA-4B32-B2DA-CD49C9256690}
	EndGlobalSection
EndGlobal
